
Microsoft Visual Studio Solution File, Format Version 12.00
# Visual Studio 15
VisualStudioVersion = 15.0.28307.705
MinimumVisualStudioVersion = 10.0.40219.1
Project("{FAE04EC0-301F-11D3-BF4B-00C04F79EFBC}") = "BGGFrontEnd", "BGGFrontEnd\BGGFrontEnd.csproj", "{CBF348DC-3EEB-4645-8730-BAC250B0CE9C}"
EndProject
Global
	GlobalSection(SolutionConfigurationPlatforms) = preSolution
		Debug|Any CPU = Debug|Any CPU
		Release|Any CPU = Release|Any CPU
	EndGlobalSection
	GlobalSection(ProjectConfigurationPlatforms) = postSolution
		{CBF348DC-3EEB-4645-8730-BAC250B0CE9C}.Debug|Any CPU.ActiveCfg = Debug|Any CPU
		{CBF348DC-3EEB-4645-8730-BAC250B0CE9C}.Debug|Any CPU.Build.0 = Debug|Any CPU
		{CBF348DC-3EEB-4645-8730-BAC250B0CE9C}.Release|Any CPU.ActiveCfg = Release|Any CPU
		{CBF348DC-3EEB-4645-8730-BAC250B0CE9C}.Release|Any CPU.Build.0 = Release|Any CPU
	EndGlobalSection
	GlobalSection(SolutionProperties) = preSolution
		HideSolutionNode = FALSE
	EndGlobalSection
	GlobalSection(ExtensibilityGlobals) = postSolution
		SolutionGuid = {61014129-278D-4AD3-A921-68641C8AD482}
	EndGlobalSection
EndGlobal
